
Microsoft Visual Studio Solution File, Format Version 12.00
# Visual Studio 2012
Project("{8BC9CEB8-8B4A-11D0-8D11-00A0C91BC942}") = "RetMonitor", "RetMonitor\RetMonitor.vcxproj", "{5E1FFDB7-49F6-4DDC-9005-8289DD36E1F9}"
EndProject
Project("{8BC9CEB8-8B4A-11D0-8D11-00A0C91BC942}") = "RetMonitor Package", "RetMonitor Package\RetMonitor Package.vcxproj", "{946C110A-2EF8-450B-B272-AA514D22921E}"
	ProjectSection(ProjectDependencies) = postProject
		{5E1FFDB7-49F6-4DDC-9005-8289DD36E1F9} = {5E1FFDB7-49F6-4DDC-9005-8289DD36E1F9}
	EndProjectSection
EndProject
Global
	GlobalSection(SolutionConfigurationPlatforms) = preSolution
		Vista Debug|Win32 = Vista Debug|Win32
		Vista Debug|x64 = Vista Debug|x64
		Vista Release|Win32 = Vista Release|Win32
		Vista Release|x64 = Vista Release|x64
		Win7 Debug|Win32 = Win7 Debug|Win32
		Win7 Debug|x64 = Win7 Debug|x64
		Win7 Release|Win32 = Win7 Release|Win32
		Win7 Release|x64 = Win7 Release|x64
		Win8 Debug|Win32 = Win8 Debug|Win32
		Win8 Debug|x64 = Win8 Debug|x64
		Win8 Release|Win32 = Win8 Release|Win32
		Win8 Release|x64 = Win8 Release|x64
	EndGlobalSection
	GlobalSection(ProjectConfigurationPlatforms) = postSolution
		{5E1FFDB7-49F6-4DDC-9005-8289DD36E1F9}.Vista Debug|Win32.ActiveCfg = Vista Debug|Win32
		{5E1FFDB7-49F6-4DDC-9005-8289DD36E1F9}.Vista Debug|Win32.Build.0 = Vista Debug|Win32
		{5E1FFDB7-49F6-4DDC-9005-8289DD36E1F9}.Vista Debug|Win32.Deploy.0 = Vista Debug|Win32
		{5E1FFDB7-49F6-4DDC-9005-8289DD36E1F9}.Vista Debug|x64.ActiveCfg = Vista Debug|x64
		{5E1FFDB7-49F6-4DDC-9005-8289DD36E1F9}.Vista Debug|x64.Build.0 = Vista Debug|x64
		{5E1FFDB7-49F6-4DDC-9005-8289DD36E1F9}.Vista Debug|x64.Deploy.0 = Vista Debug|x64
		{5E1FFDB7-49F6-4DDC-9005-8289DD36E1F9}.Vista Release|Win32.ActiveCfg = Vista Release|Win32
		{5E1FFDB7-49F6-4DDC-9005-8289DD36E1F9}.Vista Release|Win32.Build.0 = Vista Release|Win32
		{5E1FFDB7-49F6-4DDC-9005-8289DD36E1F9}.Vista Release|Win32.Deploy.0 = Vista Release|Win32
		{5E1FFDB7-49F6-4DDC-9005-8289DD36E1F9}.Vista Release|x64.ActiveCfg = Vista Release|x64
		{5E1FFDB7-49F6-4DDC-9005-8289DD36E1F9}.Vista Release|x64.Build.0 = Vista Release|x64
		{5E1FFDB7-49F6-4DDC-9005-8289DD36E1F9}.Vista Release|x64.Deploy.0 = Vista Release|x64
		{5E1FFDB7-49F6-4DDC-9005-8289DD36E1F9}.Win7 Debug|Win32.ActiveCfg = Win7 Debug|Win32
		{5E1FFDB7-49F6-4DDC-9005-8289DD36E1F9}.Win7 Debug|Win32.Build.0 = Win7 Debug|Win32
		{5E1FFDB7-49F6-4DDC-9005-8289DD36E1F9}.Win7 Debug|Win32.Deploy.0 = Win7 Debug|Win32
		{5E1FFDB7-49F6-4DDC-9005-8289DD36E1F9}.Win7 Debug|x64.ActiveCfg = Win7 Debug|x64
		{5E1FFDB7-49F6-4DDC-9005-8289DD36E1F9}.Win7 Debug|x64.Build.0 = Win7 Debug|x64
		{5E1FFDB7-49F6-4DDC-9005-8289DD36E1F9}.Win7 Debug|x64.Deploy.0 = Win7 Debug|x64
		{5E1FFDB7-49F6-4DDC-9005-8289DD36E1F9}.Win7 Release|Win32.ActiveCfg = Win7 Release|Win32
		{5E1FFDB7-49F6-4DDC-9005-8289DD36E1F9}.Win7 Release|Win32.Build.0 = Win7 Release|Win32
		{5E1FFDB7-49F6-4DDC-9005-8289DD36E1F9}.Win7 Release|Win32.Deploy.0 = Win7 Release|Win32
		{5E1FFDB7-49F6-4DDC-9005-8289DD36E1F9}.Win7 Release|x64.ActiveCfg = Win7 Release|x64
		{5E1FFDB7-49F6-4DDC-9005-8289DD36E1F9}.Win7 Release|x64.Build.0 = Win7 Release|x64
		{5E1FFDB7-49F6-4DDC-9005-8289DD36E1F9}.Win7 Release|x64.Deploy.0 = Win7 Release|x64
		{5E1FFDB7-49F6-4DDC-9005-8289DD36E1F9}.Win8 Debug|Win32.ActiveCfg = Win8 Debug|Win32
		{5E1FFDB7-49F6-4DDC-9005-8289DD36E1F9}.Win8 Debug|Win32.Build.0 = Win8 Debug|Win32
		{5E1FFDB7-49F6-4DDC-9005-8289DD36E1F9}.Win8 Debug|Win32.Deploy.0 = Win8 Debug|Win32
		{5E1FFDB7-49F6-4DDC-9005-8289DD36E1F9}.Win8 Debug|x64.ActiveCfg = Win8 Debug|x64
		{5E1FFDB7-49F6-4DDC-9005-8289DD36E1F9}.Win8 Debug|x64.Build.0 = Win8 Debug|x64
		{5E1FFDB7-49F6-4DDC-9005-8289DD36E1F9}.Win8 Debug|x64.Deploy.0 = Win8 Debug|x64
		{5E1FFDB7-49F6-4DDC-9005-8289DD36E1F9}.Win8 Release|Win32.ActiveCfg = Win8 Release|Win32
		{5E1FFDB7-49F6-4DDC-9005-8289DD36E1F9}.Win8 Release|Win32.Build.0 = Win8 Release|Win32
		{5E1FFDB7-49F6-4DDC-9005-8289DD36E1F9}.Win8 Release|Win32.Deploy.0 = Win8 Release|Win32
		{5E1FFDB7-49F6-4DDC-9005-8289DD36E1F9}.Win8 Release|x64.ActiveCfg = Win8 Release|x64
		{5E1FFDB7-49F6-4DDC-9005-8289DD36E1F9}.Win8 Release|x64.Build.0 = Win8 Release|x64
		{5E1FFDB7-49F6-4DDC-9005-8289DD36E1F9}.Win8 Release|x64.Deploy.0 = Win8 Release|x64
		{946C110A-2EF8-450B-B272-AA514D22921E}.Vista Debug|Win32.ActiveCfg = Vista Debug|Win32
		{946C110A-2EF8-450B-B272-AA514D22921E}.Vista Debug|Win32.Build.0 = Vista Debug|Win32
		{946C110A-2EF8-450B-B272-AA514D22921E}.Vista Debug|Win32.Deploy.0 = Vista Debug|Win32
		{946C110A-2EF8-450B-B272-AA514D22921E}.Vista Debug|x64.ActiveCfg = Vista Debug|x64
		{946C110A-2EF8-450B-B272-AA514D22921E}.Vista Debug|x64.Build.0 = Vista Debug|x64
		{946C110A-2EF8-450B-B272-AA514D22921E}.Vista Debug|x64.Deploy.0 = Vista Debug|x64
		{946C110A-2EF8-450B-B272-AA514D22921E}.Vista Release|Win32.ActiveCfg = Vista Release|Win32
		{946C110A-2EF8-450B-B272-AA514D22921E}.Vista Release|Win32.Build.0 = Vista Release|Win32
		{946C110A-2EF8-450B-B272-AA514D22921E}.Vista Release|Win32.Deploy.0 = Vista Release|Win32
		{946C110A-2EF8-450B-B272-AA514D22921E}.Vista Release|x64.ActiveCfg = Vista Release|x64
		{946C110A-2EF8-450B-B272-AA514D22921E}.Vista Release|x64.Build.0 = Vista Release|x64
		{946C110A-2EF8-450B-B272-AA514D22921E}.Vista Release|x64.Deploy.0 = Vista Release|x64
		{946C110A-2EF8-450B-B272-AA514D22921E}.Win7 Debug|Win32.ActiveCfg = Win7 Debug|Win32
		{946C110A-2EF8-450B-B272-AA514D22921E}.Win7 Debug|Win32.Build.0 = Win7 Debug|Win32
		{946C110A-2EF8-450B-B272-AA514D22921E}.Win7 Debug|Win32.Deploy.0 = Win7 Debug|Win32
		{946C110A-2EF8-450B-B272-AA514D22921E}.Win7 Debug|x64.ActiveCfg = Win7 Debug|x64
		{946C110A-2EF8-450B-B272-AA514D22921E}.Win7 Debug|x64.Build.0 = Win7 Debug|x64
		{946C110A-2EF8-450B-B272-AA514D22921E}.Win7 Debug|x64.Deploy.0 = Win7 Debug|x64
		{946C110A-2EF8-450B-B272-AA514D22921E}.Win7 Release|Win32.ActiveCfg = Win7 Release|Win32
		{946C110A-2EF8-450B-B272-AA514D22921E}.Win7 Release|Win32.Build.0 = Win7 Release|Win32
		{946C110A-2EF8-450B-B272-AA514D22921E}.Win7 Release|Win32.Deploy.0 = Win7 Release|Win32
		{946C110A-2EF8-450B-B272-AA514D22921E}.Win7 Release|x64.ActiveCfg = Win7 Release|x64
		{946C110A-2EF8-450B-B272-AA514D22921E}.Win7 Release|x64.Build.0 = Win7 Release|x64
		{946C110A-2EF8-450B-B272-AA514D22921E}.Win7 Release|x64.Deploy.0 = Win7 Release|x64
		{946C110A-2EF8-450B-B272-AA514D22921E}.Win8 Debug|Win32.ActiveCfg = Win8 Debug|Win32
		{946C110A-2EF8-450B-B272-AA514D22921E}.Win8 Debug|Win32.Build.0 = Win8 Debug|Win32
		{946C110A-2EF8-450B-B272-AA514D22921E}.Win8 Debug|Win32.Deploy.0 = Win8 Debug|Win32
		{946C110A-2EF8-450B-B272-AA514D22921E}.Win8 Debug|x64.ActiveCfg = Win8 Debug|x64
		{946C110A-2EF8-450B-B272-AA514D22921E}.Win8 Debug|x64.Build.0 = Win8 Debug|x64
		{946C110A-2EF8-450B-B272-AA514D22921E}.Win8 Debug|x64.Deploy.0 = Win8 Debug|x64
		{946C110A-2EF8-450B-B272-AA514D22921E}.Win8 Release|Win32.ActiveCfg = Win8 Release|Win32
		{946C110A-2EF8-450B-B272-AA514D22921E}.Win8 Release|Win32.Build.0 = Win8 Release|Win32
		{946C110A-2EF8-450B-B272-AA514D22921E}.Win8 Release|Win32.Deploy.0 = Win8 Release|Win32
		{946C110A-2EF8-450B-B272-AA514D22921E}.Win8 Release|x64.ActiveCfg = Win8 Release|x64
		{946C110A-2EF8-450B-B272-AA514D22921E}.Win8 Release|x64.Build.0 = Win8 Release|x64
		{946C110A-2EF8-450B-B272-AA514D22921E}.Win8 Release|x64.Deploy.0 = Win8 Release|x64
	EndGlobalSection
	GlobalSection(SolutionProperties) = preSolution
		HideSolutionNode = FALSE
	EndGlobalSection
EndGlobal
