
Microsoft Visual Studio Solution File, Format Version 12.00
# Visual Studio 2012
Project("{8BC9CEB8-8B4A-11D0-8D11-00A0C91BC942}") = "BranchMonitor", "BranchMonitor.vcxproj", "{85E636CD-AE84-42B2-9226-1C133A236073}"
EndProject
Project("{8BC9CEB8-8B4A-11D0-8D11-00A0C91BC942}") = "BranchMonitor Package", "..\BranchMonitor Package\BranchMonitor Package.vcxproj", "{8D10BD04-ED16-4B1F-8DCC-6567AD794A07}"
	ProjectSection(ProjectDependencies) = postProject
		{85E636CD-AE84-42B2-9226-1C133A236073} = {85E636CD-AE84-42B2-9226-1C133A236073}
	EndProjectSection
EndProject
Global
	GlobalSection(SolutionConfigurationPlatforms) = preSolution
		Debug|Mixed Platforms = Debug|Mixed Platforms
		Debug|Win32 = Debug|Win32
		Debug|x64 = Debug|x64
		Release|Mixed Platforms = Release|Mixed Platforms
		Release|Win32 = Release|Win32
		Release|x64 = Release|x64
		Vista Debug|Mixed Platforms = Vista Debug|Mixed Platforms
		Vista Debug|Win32 = Vista Debug|Win32
		Vista Debug|x64 = Vista Debug|x64
		Vista Release|Mixed Platforms = Vista Release|Mixed Platforms
		Vista Release|Win32 = Vista Release|Win32
		Vista Release|x64 = Vista Release|x64
		Win7 Debug|Mixed Platforms = Win7 Debug|Mixed Platforms
		Win7 Debug|Win32 = Win7 Debug|Win32
		Win7 Debug|x64 = Win7 Debug|x64
		Win7 Release|Mixed Platforms = Win7 Release|Mixed Platforms
		Win7 Release|Win32 = Win7 Release|Win32
		Win7 Release|x64 = Win7 Release|x64
		Win8 Debug|Mixed Platforms = Win8 Debug|Mixed Platforms
		Win8 Debug|Win32 = Win8 Debug|Win32
		Win8 Debug|x64 = Win8 Debug|x64
		Win8 Release|Mixed Platforms = Win8 Release|Mixed Platforms
		Win8 Release|Win32 = Win8 Release|Win32
		Win8 Release|x64 = Win8 Release|x64
	EndGlobalSection
	GlobalSection(ProjectConfigurationPlatforms) = postSolution
		{85E636CD-AE84-42B2-9226-1C133A236073}.Debug|Mixed Platforms.ActiveCfg = Win8 Debug|Win32
		{85E636CD-AE84-42B2-9226-1C133A236073}.Debug|Mixed Platforms.Build.0 = Win8 Debug|Win32
		{85E636CD-AE84-42B2-9226-1C133A236073}.Debug|Mixed Platforms.Deploy.0 = Win8 Debug|Win32
		{85E636CD-AE84-42B2-9226-1C133A236073}.Debug|Win32.ActiveCfg = Win8 Debug|Win32
		{85E636CD-AE84-42B2-9226-1C133A236073}.Debug|Win32.Build.0 = Win8 Debug|Win32
		{85E636CD-AE84-42B2-9226-1C133A236073}.Debug|Win32.Deploy.0 = Win8 Debug|Win32
		{85E636CD-AE84-42B2-9226-1C133A236073}.Debug|x64.ActiveCfg = Win8 Debug|x64
		{85E636CD-AE84-42B2-9226-1C133A236073}.Debug|x64.Build.0 = Win8 Debug|x64
		{85E636CD-AE84-42B2-9226-1C133A236073}.Debug|x64.Deploy.0 = Win8 Debug|x64
		{85E636CD-AE84-42B2-9226-1C133A236073}.Release|Mixed Platforms.ActiveCfg = Win8 Release|Win32
		{85E636CD-AE84-42B2-9226-1C133A236073}.Release|Mixed Platforms.Build.0 = Win8 Release|Win32
		{85E636CD-AE84-42B2-9226-1C133A236073}.Release|Mixed Platforms.Deploy.0 = Win8 Release|Win32
		{85E636CD-AE84-42B2-9226-1C133A236073}.Release|Win32.ActiveCfg = Win8 Release|Win32
		{85E636CD-AE84-42B2-9226-1C133A236073}.Release|Win32.Build.0 = Win8 Release|Win32
		{85E636CD-AE84-42B2-9226-1C133A236073}.Release|Win32.Deploy.0 = Win8 Release|Win32
		{85E636CD-AE84-42B2-9226-1C133A236073}.Release|x64.ActiveCfg = Win8 Release|x64
		{85E636CD-AE84-42B2-9226-1C133A236073}.Release|x64.Build.0 = Win8 Release|x64
		{85E636CD-AE84-42B2-9226-1C133A236073}.Release|x64.Deploy.0 = Win8 Release|x64
		{85E636CD-AE84-42B2-9226-1C133A236073}.Vista Debug|Mixed Platforms.ActiveCfg = Vista Debug|Win32
		{85E636CD-AE84-42B2-9226-1C133A236073}.Vista Debug|Mixed Platforms.Build.0 = Vista Debug|Win32
		{85E636CD-AE84-42B2-9226-1C133A236073}.Vista Debug|Mixed Platforms.Deploy.0 = Vista Debug|Win32
		{85E636CD-AE84-42B2-9226-1C133A236073}.Vista Debug|Win32.ActiveCfg = Vista Debug|Win32
		{85E636CD-AE84-42B2-9226-1C133A236073}.Vista Debug|Win32.Build.0 = Vista Debug|Win32
		{85E636CD-AE84-42B2-9226-1C133A236073}.Vista Debug|Win32.Deploy.0 = Vista Debug|Win32
		{85E636CD-AE84-42B2-9226-1C133A236073}.Vista Debug|x64.ActiveCfg = Vista Debug|x64
		{85E636CD-AE84-42B2-9226-1C133A236073}.Vista Debug|x64.Build.0 = Vista Debug|x64
		{85E636CD-AE84-42B2-9226-1C133A236073}.Vista Debug|x64.Deploy.0 = Vista Debug|x64
		{85E636CD-AE84-42B2-9226-1C133A236073}.Vista Release|Mixed Platforms.ActiveCfg = Vista Release|Win32
		{85E636CD-AE84-42B2-9226-1C133A236073}.Vista Release|Mixed Platforms.Build.0 = Vista Release|Win32
		{85E636CD-AE84-42B2-9226-1C133A236073}.Vista Release|Mixed Platforms.Deploy.0 = Vista Release|Win32
		{85E636CD-AE84-42B2-9226-1C133A236073}.Vista Release|Win32.ActiveCfg = Vista Release|Win32
		{85E636CD-AE84-42B2-9226-1C133A236073}.Vista Release|Win32.Build.0 = Vista Release|Win32
		{85E636CD-AE84-42B2-9226-1C133A236073}.Vista Release|Win32.Deploy.0 = Vista Release|Win32
		{85E636CD-AE84-42B2-9226-1C133A236073}.Vista Release|x64.ActiveCfg = Vista Release|x64
		{85E636CD-AE84-42B2-9226-1C133A236073}.Vista Release|x64.Build.0 = Vista Release|x64
		{85E636CD-AE84-42B2-9226-1C133A236073}.Vista Release|x64.Deploy.0 = Vista Release|x64
		{85E636CD-AE84-42B2-9226-1C133A236073}.Win7 Debug|Mixed Platforms.ActiveCfg = Win7 Debug|Win32
		{85E636CD-AE84-42B2-9226-1C133A236073}.Win7 Debug|Mixed Platforms.Build.0 = Win7 Debug|Win32
		{85E636CD-AE84-42B2-9226-1C133A236073}.Win7 Debug|Mixed Platforms.Deploy.0 = Win7 Debug|Win32
		{85E636CD-AE84-42B2-9226-1C133A236073}.Win7 Debug|Win32.ActiveCfg = Win7 Debug|Win32
		{85E636CD-AE84-42B2-9226-1C133A236073}.Win7 Debug|Win32.Build.0 = Win7 Debug|Win32
		{85E636CD-AE84-42B2-9226-1C133A236073}.Win7 Debug|Win32.Deploy.0 = Win7 Debug|Win32
		{85E636CD-AE84-42B2-9226-1C133A236073}.Win7 Debug|x64.ActiveCfg = Win7 Debug|x64
		{85E636CD-AE84-42B2-9226-1C133A236073}.Win7 Debug|x64.Build.0 = Win7 Debug|x64
		{85E636CD-AE84-42B2-9226-1C133A236073}.Win7 Debug|x64.Deploy.0 = Win7 Debug|x64
		{85E636CD-AE84-42B2-9226-1C133A236073}.Win7 Release|Mixed Platforms.ActiveCfg = Win7 Release|Win32
		{85E636CD-AE84-42B2-9226-1C133A236073}.Win7 Release|Mixed Platforms.Build.0 = Win7 Release|Win32
		{85E636CD-AE84-42B2-9226-1C133A236073}.Win7 Release|Mixed Platforms.Deploy.0 = Win7 Release|Win32
		{85E636CD-AE84-42B2-9226-1C133A236073}.Win7 Release|Win32.ActiveCfg = Win7 Release|Win32
		{85E636CD-AE84-42B2-9226-1C133A236073}.Win7 Release|Win32.Build.0 = Win7 Release|Win32
		{85E636CD-AE84-42B2-9226-1C133A236073}.Win7 Release|Win32.Deploy.0 = Win7 Release|Win32
		{85E636CD-AE84-42B2-9226-1C133A236073}.Win7 Release|x64.ActiveCfg = Win7 Release|x64
		{85E636CD-AE84-42B2-9226-1C133A236073}.Win7 Release|x64.Build.0 = Win7 Release|x64
		{85E636CD-AE84-42B2-9226-1C133A236073}.Win7 Release|x64.Deploy.0 = Win7 Release|x64
		{85E636CD-AE84-42B2-9226-1C133A236073}.Win8 Debug|Mixed Platforms.ActiveCfg = Win8 Debug|Win32
		{85E636CD-AE84-42B2-9226-1C133A236073}.Win8 Debug|Mixed Platforms.Build.0 = Win8 Debug|Win32
		{85E636CD-AE84-42B2-9226-1C133A236073}.Win8 Debug|Mixed Platforms.Deploy.0 = Win8 Debug|Win32
		{85E636CD-AE84-42B2-9226-1C133A236073}.Win8 Debug|Win32.ActiveCfg = Win8 Debug|Win32
		{85E636CD-AE84-42B2-9226-1C133A236073}.Win8 Debug|Win32.Build.0 = Win8 Debug|Win32
		{85E636CD-AE84-42B2-9226-1C133A236073}.Win8 Debug|Win32.Deploy.0 = Win8 Debug|Win32
		{85E636CD-AE84-42B2-9226-1C133A236073}.Win8 Debug|x64.ActiveCfg = Win8 Debug|x64
		{85E636CD-AE84-42B2-9226-1C133A236073}.Win8 Debug|x64.Build.0 = Win8 Debug|x64
		{85E636CD-AE84-42B2-9226-1C133A236073}.Win8 Debug|x64.Deploy.0 = Win8 Debug|x64
		{85E636CD-AE84-42B2-9226-1C133A236073}.Win8 Release|Mixed Platforms.ActiveCfg = Win8 Release|Win32
		{85E636CD-AE84-42B2-9226-1C133A236073}.Win8 Release|Mixed Platforms.Build.0 = Win8 Release|Win32
		{85E636CD-AE84-42B2-9226-1C133A236073}.Win8 Release|Mixed Platforms.Deploy.0 = Win8 Release|Win32
		{85E636CD-AE84-42B2-9226-1C133A236073}.Win8 Release|Win32.ActiveCfg = Win8 Release|Win32
		{85E636CD-AE84-42B2-9226-1C133A236073}.Win8 Release|Win32.Build.0 = Win8 Release|Win32
		{85E636CD-AE84-42B2-9226-1C133A236073}.Win8 Release|Win32.Deploy.0 = Win8 Release|Win32
		{85E636CD-AE84-42B2-9226-1C133A236073}.Win8 Release|x64.ActiveCfg = Win8 Release|x64
		{85E636CD-AE84-42B2-9226-1C133A236073}.Win8 Release|x64.Build.0 = Win8 Release|x64
		{85E636CD-AE84-42B2-9226-1C133A236073}.Win8 Release|x64.Deploy.0 = Win8 Release|x64
		{8D10BD04-ED16-4B1F-8DCC-6567AD794A07}.Debug|Mixed Platforms.ActiveCfg = Win8 Debug|Win32
		{8D10BD04-ED16-4B1F-8DCC-6567AD794A07}.Debug|Mixed Platforms.Build.0 = Win8 Debug|Win32
		{8D10BD04-ED16-4B1F-8DCC-6567AD794A07}.Debug|Mixed Platforms.Deploy.0 = Win8 Debug|Win32
		{8D10BD04-ED16-4B1F-8DCC-6567AD794A07}.Debug|Win32.ActiveCfg = Win8 Debug|Win32
		{8D10BD04-ED16-4B1F-8DCC-6567AD794A07}.Debug|Win32.Build.0 = Win8 Debug|Win32
		{8D10BD04-ED16-4B1F-8DCC-6567AD794A07}.Debug|Win32.Deploy.0 = Win8 Debug|Win32
		{8D10BD04-ED16-4B1F-8DCC-6567AD794A07}.Debug|x64.ActiveCfg = Win8 Debug|x64
		{8D10BD04-ED16-4B1F-8DCC-6567AD794A07}.Debug|x64.Build.0 = Win8 Debug|x64
		{8D10BD04-ED16-4B1F-8DCC-6567AD794A07}.Debug|x64.Deploy.0 = Win8 Debug|x64
		{8D10BD04-ED16-4B1F-8DCC-6567AD794A07}.Release|Mixed Platforms.ActiveCfg = Win8 Release|Win32
		{8D10BD04-ED16-4B1F-8DCC-6567AD794A07}.Release|Mixed Platforms.Build.0 = Win8 Release|Win32
		{8D10BD04-ED16-4B1F-8DCC-6567AD794A07}.Release|Mixed Platforms.Deploy.0 = Win8 Release|Win32
		{8D10BD04-ED16-4B1F-8DCC-6567AD794A07}.Release|Win32.ActiveCfg = Win8 Release|Win32
		{8D10BD04-ED16-4B1F-8DCC-6567AD794A07}.Release|Win32.Build.0 = Win8 Release|Win32
		{8D10BD04-ED16-4B1F-8DCC-6567AD794A07}.Release|Win32.Deploy.0 = Win8 Release|Win32
		{8D10BD04-ED16-4B1F-8DCC-6567AD794A07}.Release|x64.ActiveCfg = Win8 Release|x64
		{8D10BD04-ED16-4B1F-8DCC-6567AD794A07}.Release|x64.Build.0 = Win8 Release|x64
		{8D10BD04-ED16-4B1F-8DCC-6567AD794A07}.Release|x64.Deploy.0 = Win8 Release|x64
		{8D10BD04-ED16-4B1F-8DCC-6567AD794A07}.Vista Debug|Mixed Platforms.ActiveCfg = Vista Debug|Win32
		{8D10BD04-ED16-4B1F-8DCC-6567AD794A07}.Vista Debug|Mixed Platforms.Build.0 = Vista Debug|Win32
		{8D10BD04-ED16-4B1F-8DCC-6567AD794A07}.Vista Debug|Mixed Platforms.Deploy.0 = Vista Debug|Win32
		{8D10BD04-ED16-4B1F-8DCC-6567AD794A07}.Vista Debug|Win32.ActiveCfg = Vista Debug|Win32
		{8D10BD04-ED16-4B1F-8DCC-6567AD794A07}.Vista Debug|Win32.Build.0 = Vista Debug|Win32
		{8D10BD04-ED16-4B1F-8DCC-6567AD794A07}.Vista Debug|Win32.Deploy.0 = Vista Debug|Win32
		{8D10BD04-ED16-4B1F-8DCC-6567AD794A07}.Vista Debug|x64.ActiveCfg = Vista Debug|x64
		{8D10BD04-ED16-4B1F-8DCC-6567AD794A07}.Vista Debug|x64.Build.0 = Vista Debug|x64
		{8D10BD04-ED16-4B1F-8DCC-6567AD794A07}.Vista Debug|x64.Deploy.0 = Vista Debug|x64
		{8D10BD04-ED16-4B1F-8DCC-6567AD794A07}.Vista Release|Mixed Platforms.ActiveCfg = Vista Release|Win32
		{8D10BD04-ED16-4B1F-8DCC-6567AD794A07}.Vista Release|Mixed Platforms.Build.0 = Vista Release|Win32
		{8D10BD04-ED16-4B1F-8DCC-6567AD794A07}.Vista Release|Mixed Platforms.Deploy.0 = Vista Release|Win32
		{8D10BD04-ED16-4B1F-8DCC-6567AD794A07}.Vista Release|Win32.ActiveCfg = Vista Release|Win32
		{8D10BD04-ED16-4B1F-8DCC-6567AD794A07}.Vista Release|Win32.Build.0 = Vista Release|Win32
		{8D10BD04-ED16-4B1F-8DCC-6567AD794A07}.Vista Release|Win32.Deploy.0 = Vista Release|Win32
		{8D10BD04-ED16-4B1F-8DCC-6567AD794A07}.Vista Release|x64.ActiveCfg = Vista Release|x64
		{8D10BD04-ED16-4B1F-8DCC-6567AD794A07}.Vista Release|x64.Build.0 = Vista Release|x64
		{8D10BD04-ED16-4B1F-8DCC-6567AD794A07}.Vista Release|x64.Deploy.0 = Vista Release|x64
		{8D10BD04-ED16-4B1F-8DCC-6567AD794A07}.Win7 Debug|Mixed Platforms.ActiveCfg = Win7 Debug|Win32
		{8D10BD04-ED16-4B1F-8DCC-6567AD794A07}.Win7 Debug|Mixed Platforms.Build.0 = Win7 Debug|Win32
		{8D10BD04-ED16-4B1F-8DCC-6567AD794A07}.Win7 Debug|Mixed Platforms.Deploy.0 = Win7 Debug|Win32
		{8D10BD04-ED16-4B1F-8DCC-6567AD794A07}.Win7 Debug|Win32.ActiveCfg = Win7 Debug|Win32
		{8D10BD04-ED16-4B1F-8DCC-6567AD794A07}.Win7 Debug|Win32.Build.0 = Win7 Debug|Win32
		{8D10BD04-ED16-4B1F-8DCC-6567AD794A07}.Win7 Debug|Win32.Deploy.0 = Win7 Debug|Win32
		{8D10BD04-ED16-4B1F-8DCC-6567AD794A07}.Win7 Debug|x64.ActiveCfg = Win7 Debug|x64
		{8D10BD04-ED16-4B1F-8DCC-6567AD794A07}.Win7 Debug|x64.Build.0 = Win7 Debug|x64
		{8D10BD04-ED16-4B1F-8DCC-6567AD794A07}.Win7 Debug|x64.Deploy.0 = Win7 Debug|x64
		{8D10BD04-ED16-4B1F-8DCC-6567AD794A07}.Win7 Release|Mixed Platforms.ActiveCfg = Win7 Release|Win32
		{8D10BD04-ED16-4B1F-8DCC-6567AD794A07}.Win7 Release|Mixed Platforms.Build.0 = Win7 Release|Win32
		{8D10BD04-ED16-4B1F-8DCC-6567AD794A07}.Win7 Release|Mixed Platforms.Deploy.0 = Win7 Release|Win32
		{8D10BD04-ED16-4B1F-8DCC-6567AD794A07}.Win7 Release|Win32.ActiveCfg = Win7 Release|Win32
		{8D10BD04-ED16-4B1F-8DCC-6567AD794A07}.Win7 Release|Win32.Build.0 = Win7 Release|Win32
		{8D10BD04-ED16-4B1F-8DCC-6567AD794A07}.Win7 Release|Win32.Deploy.0 = Win7 Release|Win32
		{8D10BD04-ED16-4B1F-8DCC-6567AD794A07}.Win7 Release|x64.ActiveCfg = Win7 Release|x64
		{8D10BD04-ED16-4B1F-8DCC-6567AD794A07}.Win7 Release|x64.Build.0 = Win7 Release|x64
		{8D10BD04-ED16-4B1F-8DCC-6567AD794A07}.Win7 Release|x64.Deploy.0 = Win7 Release|x64
		{8D10BD04-ED16-4B1F-8DCC-6567AD794A07}.Win8 Debug|Mixed Platforms.ActiveCfg = Win8 Debug|Win32
		{8D10BD04-ED16-4B1F-8DCC-6567AD794A07}.Win8 Debug|Mixed Platforms.Build.0 = Win8 Debug|Win32
		{8D10BD04-ED16-4B1F-8DCC-6567AD794A07}.Win8 Debug|Mixed Platforms.Deploy.0 = Win8 Debug|Win32
		{8D10BD04-ED16-4B1F-8DCC-6567AD794A07}.Win8 Debug|Win32.ActiveCfg = Win8 Debug|Win32
		{8D10BD04-ED16-4B1F-8DCC-6567AD794A07}.Win8 Debug|Win32.Build.0 = Win8 Debug|Win32
		{8D10BD04-ED16-4B1F-8DCC-6567AD794A07}.Win8 Debug|Win32.Deploy.0 = Win8 Debug|Win32
		{8D10BD04-ED16-4B1F-8DCC-6567AD794A07}.Win8 Debug|x64.ActiveCfg = Win8 Debug|x64
		{8D10BD04-ED16-4B1F-8DCC-6567AD794A07}.Win8 Debug|x64.Build.0 = Win8 Debug|x64
		{8D10BD04-ED16-4B1F-8DCC-6567AD794A07}.Win8 Debug|x64.Deploy.0 = Win8 Debug|x64
		{8D10BD04-ED16-4B1F-8DCC-6567AD794A07}.Win8 Release|Mixed Platforms.ActiveCfg = Win8 Release|Win32
		{8D10BD04-ED16-4B1F-8DCC-6567AD794A07}.Win8 Release|Mixed Platforms.Build.0 = Win8 Release|Win32
		{8D10BD04-ED16-4B1F-8DCC-6567AD794A07}.Win8 Release|Mixed Platforms.Deploy.0 = Win8 Release|Win32
		{8D10BD04-ED16-4B1F-8DCC-6567AD794A07}.Win8 Release|Win32.ActiveCfg = Win8 Release|Win32
		{8D10BD04-ED16-4B1F-8DCC-6567AD794A07}.Win8 Release|Win32.Build.0 = Win8 Release|Win32
		{8D10BD04-ED16-4B1F-8DCC-6567AD794A07}.Win8 Release|Win32.Deploy.0 = Win8 Release|Win32
		{8D10BD04-ED16-4B1F-8DCC-6567AD794A07}.Win8 Release|x64.ActiveCfg = Win8 Release|x64
		{8D10BD04-ED16-4B1F-8DCC-6567AD794A07}.Win8 Release|x64.Build.0 = Win8 Release|x64
		{8D10BD04-ED16-4B1F-8DCC-6567AD794A07}.Win8 Release|x64.Deploy.0 = Win8 Release|x64
	EndGlobalSection
	GlobalSection(SolutionProperties) = preSolution
		HideSolutionNode = FALSE
	EndGlobalSection
EndGlobal
